
Microsoft Visual Studio Solution File, Format Version 12.00
# Visual Studio 2015
Project("{FAE04EC0-301F-11D3-BF4B-00C04F79EFBC}") = "rolesystems_alpha.CSharp.Plugins", "rolesystems_alpha.CSharp.Plugins.csproj", "{AAF39260-095A-B2FE-0E73-41D17C5C65FB}"
EndProject
Project("{FAE04EC0-301F-11D3-BF4B-00C04F79EFBC}") = "rolesystems_alpha.CSharp", "rolesystems_alpha.CSharp.csproj", "{9B2F691C-AD79-4886-198E-4DD86C31865B}"
EndProject
Project("{FAE04EC0-301F-11D3-BF4B-00C04F79EFBC}") = "rolesystems_alpha.CSharp.Editor", "rolesystems_alpha.CSharp.Editor.csproj", "{DF81C769-26A1-F1FB-19B2-71426C93D3F4}"
EndProject
Global
	GlobalSection(SolutionConfigurationPlatforms) = preSolution
		Debug|Any CPU = Debug|Any CPU
		Release|Any CPU = Release|Any CPU
	EndGlobalSection
	GlobalSection(ProjectConfigurationPlatforms) = postSolution
		{AAF39260-095A-B2FE-0E73-41D17C5C65FB}.Debug|Any CPU.ActiveCfg = Debug|Any CPU
		{AAF39260-095A-B2FE-0E73-41D17C5C65FB}.Debug|Any CPU.Build.0 = Debug|Any CPU
		{AAF39260-095A-B2FE-0E73-41D17C5C65FB}.Release|Any CPU.ActiveCfg = Release|Any CPU
		{AAF39260-095A-B2FE-0E73-41D17C5C65FB}.Release|Any CPU.Build.0 = Release|Any CPU
		{9B2F691C-AD79-4886-198E-4DD86C31865B}.Debug|Any CPU.ActiveCfg = Debug|Any CPU
		{9B2F691C-AD79-4886-198E-4DD86C31865B}.Debug|Any CPU.Build.0 = Debug|Any CPU
		{9B2F691C-AD79-4886-198E-4DD86C31865B}.Release|Any CPU.ActiveCfg = Release|Any CPU
		{9B2F691C-AD79-4886-198E-4DD86C31865B}.Release|Any CPU.Build.0 = Release|Any CPU
		{DF81C769-26A1-F1FB-19B2-71426C93D3F4}.Debug|Any CPU.ActiveCfg = Debug|Any CPU
		{DF81C769-26A1-F1FB-19B2-71426C93D3F4}.Debug|Any CPU.Build.0 = Debug|Any CPU
		{DF81C769-26A1-F1FB-19B2-71426C93D3F4}.Release|Any CPU.ActiveCfg = Release|Any CPU
		{DF81C769-26A1-F1FB-19B2-71426C93D3F4}.Release|Any CPU.Build.0 = Release|Any CPU
	EndGlobalSection
	GlobalSection(SolutionProperties) = preSolution
		HideSolutionNode = FALSE
	EndGlobalSection
EndGlobal
